
Microsoft Visual Studio Solution File, Format Version 12.00
# Visual Studio 15
VisualStudioVersion = 15.0.27004.2006
MinimumVisualStudioVersion = 10.0.40219.1
Project("{FAE04EC0-301F-11D3-BF4B-00C04F79EFBC}") = "Hello", "Hello\Hello.csproj", "{C6C8451C-C31A-48FC-B12B-595E7E3CFC54}"
EndProject
Global
	GlobalSection(SolutionConfigurationPlatforms) = preSolution
		Debug|Any CPU = Debug|Any CPU
		Release|Any CPU = Release|Any CPU
	EndGlobalSection
	GlobalSection(ProjectConfigurationPlatforms) = postSolution
		{C6C8451C-C31A-48FC-B12B-595E7E3CFC54}.Debug|Any CPU.ActiveCfg = Debug|Any CPU
		{C6C8451C-C31A-48FC-B12B-595E7E3CFC54}.Debug|Any CPU.Build.0 = Debug|Any CPU
		{C6C8451C-C31A-48FC-B12B-595E7E3CFC54}.Release|Any CPU.ActiveCfg = Release|Any CPU
		{C6C8451C-C31A-48FC-B12B-595E7E3CFC54}.Release|Any CPU.Build.0 = Release|Any CPU
	EndGlobalSection
	GlobalSection(SolutionProperties) = preSolution
		HideSolutionNode = FALSE
	EndGlobalSection
	GlobalSection(ExtensibilityGlobals) = postSolution
		SolutionGuid = {0D2E8269-B167-4814-8130-2665524EE500}
	EndGlobalSection
EndGlobal
